
Microsoft Visual Studio Solution File, Format Version 12.00
# Visual Studio 15
VisualStudioVersion = 15.0.28307.572
MinimumVisualStudioVersion = 10.0.40219.1
Project("{FAE04EC0-301F-11D3-BF4B-00C04F79EFBC}") = "CB_Choice", "CB_Choice\CB_Choice.csproj", "{B836083A-43D9-4A7F-9997-940CD534FABA}"
EndProject
Global
	GlobalSection(SolutionConfigurationPlatforms) = preSolution
		Debug|Any CPU = Debug|Any CPU
		Release|Any CPU = Release|Any CPU
	EndGlobalSection
	GlobalSection(ProjectConfigurationPlatforms) = postSolution
		{B836083A-43D9-4A7F-9997-940CD534FABA}.Debug|Any CPU.ActiveCfg = Debug|Any CPU
		{B836083A-43D9-4A7F-9997-940CD534FABA}.Debug|Any CPU.Build.0 = Debug|Any CPU
		{B836083A-43D9-4A7F-9997-940CD534FABA}.Release|Any CPU.ActiveCfg = Release|Any CPU
		{B836083A-43D9-4A7F-9997-940CD534FABA}.Release|Any CPU.Build.0 = Release|Any CPU
	EndGlobalSection
	GlobalSection(SolutionProperties) = preSolution
		HideSolutionNode = FALSE
	EndGlobalSection
	GlobalSection(ExtensibilityGlobals) = postSolution
		SolutionGuid = {5179BA38-084D-499A-A4EC-ED0CFA9D3879}
	EndGlobalSection
EndGlobal
